// !$*UTF8*$!
{
	archiveVersion = 1;
	classes = {
	};
	objectVersion = 50;
	objects = {

/* Begin PBXBuildFile section */
		093395D024C09FC1004325D0 /* AppDelegate.swift in Sources */ = {isa = PBXBuildFile; fileRef = 093395CF24C09FC1004325D0 /* AppDelegate.swift */; };
		093395D224C09FC1004325D0 /* SceneDelegate.swift in Sources */ = {isa = PBXBuildFile; fileRef = 093395D124C09FC1004325D0 /* SceneDelegate.swift */; };
		093395D424C09FC1004325D0 /* UserLocationWeatherInformationViewController.swift in Sources */ = {isa = PBXBuildFile; fileRef = 093395D324C09FC1004325D0 /* UserLocationWeatherInformationViewController.swift */; };
		093395D724C09FC1004325D0 /* Main.storyboard in Resources */ = {isa = PBXBuildFile; fileRef = 093395D524C09FC1004325D0 /* Main.storyboard */; };
		093395D924C09FC6004325D0 /* Assets.xcassets in Resources */ = {isa = PBXBuildFile; fileRef = 093395D824C09FC6004325D0 /* Assets.xcassets */; };
		093395DC24C09FC6004325D0 /* LaunchScreen.storyboard in Resources */ = {isa = PBXBuildFile; fileRef = 093395DA24C09FC6004325D0 /* LaunchScreen.storyboard */; };
		093395E424C0A328004325D0 /* Weather.swift in Sources */ = {isa = PBXBuildFile; fileRef = 093395E324C0A328004325D0 /* Weather.swift */; };
		093395E624C0B616004325D0 /* WeatherInformationViewController.swift in Sources */ = {isa = PBXBuildFile; fileRef = 093395E524C0B616004325D0 /* WeatherInformationViewController.swift */; };
		093395E824C0B814004325D0 /* APIManager.swift in Sources */ = {isa = PBXBuildFile; fileRef = 093395E724C0B814004325D0 /* APIManager.swift */; };
		093395EA24C0BF81004325D0 /* Date+Extension.swift in Sources */ = {isa = PBXBuildFile; fileRef = 093395E924C0BF81004325D0 /* Date+Extension.swift */; };
		093395EC24C0C372004325D0 /* UIImage+Extension.swift in Sources */ = {isa = PBXBuildFile; fileRef = 093395EB24C0C372004325D0 /* UIImage+Extension.swift */; };
		093395EE24C0C4DD004325D0 /* Double+Extension.swift in Sources */ = {isa = PBXBuildFile; fileRef = 093395ED24C0C4DD004325D0 /* Double+Extension.swift */; };
/* End PBXBuildFile section */

/* Begin PBXFileReference section */
		093395CC24C09FC1004325D0 /* UserWeather.app */ = {isa = PBXFileReference; explicitFileType = wrapper.application; includeInIndex = 0; path = UserWeather.app; sourceTree = BUILT_PRODUCTS_DIR; };
		093395CF24C09FC1004325D0 /* AppDelegate.swift */ = {isa = PBXFileReference; lastKnownFileType = sourcecode.swift; path = AppDelegate.swift; sourceTree = "<group>"; };
		093395D124C09FC1004325D0 /* SceneDelegate.swift */ = {isa = PBXFileReference; lastKnownFileType = sourcecode.swift; path = SceneDelegate.swift; sourceTree = "<group>"; };
		093395D324C09FC1004325D0 /* UserLocationWeatherInformationViewController.swift */ = {isa = PBXFileReference; lastKnownFileType = sourcecode.swift; path = UserLocationWeatherInformationViewController.swift; sourceTree = "<group>"; };
		093395D624C09FC1004325D0 /* Base */ = {isa = PBXFileReference; lastKnownFileType = file.storyboard; name = Base; path = Base.lproj/Main.storyboard; sourceTree = "<group>"; };
		093395D824C09FC6004325D0 /* Assets.xcassets */ = {isa = PBXFileReference; lastKnownFileType = folder.assetcatalog; path = Assets.xcassets; sourceTree = "<group>"; };
		093395DB24C09FC6004325D0 /* Base */ = {isa = PBXFileReference; lastKnownFileType = file.storyboard; name = Base; path = Base.lproj/LaunchScreen.storyboard; sourceTree = "<group>"; };
		093395DD24C09FC6004325D0 /* Info.plist */ = {isa = PBXFileReference; lastKnownFileType = text.plist.xml; path = Info.plist; sourceTree = "<group>"; };
		093395E324C0A328004325D0 /* Weather.swift */ = {isa = PBXFileReference; lastKnownFileType = sourcecode.swift; path = Weather.swift; sourceTree = "<group>"; };
		093395E524C0B616004325D0 /* WeatherInformationViewController.swift */ = {isa = PBXFileReference; lastKnownFileType = sourcecode.swift; path = WeatherInformationViewController.swift; sourceTree = "<group>"; };
		093395E724C0B814004325D0 /* APIManager.swift */ = {isa = PBXFileReference; lastKnownFileType = sourcecode.swift; path = APIManager.swift; sourceTree = "<group>"; };
		093395E924C0BF81004325D0 /* Date+Extension.swift */ = {isa = PBXFileReference; lastKnownFileType = sourcecode.swift; path = "Date+Extension.swift"; sourceTree = "<group>"; };
		093395EB24C0C372004325D0 /* UIImage+Extension.swift */ = {isa = PBXFileReference; lastKnownFileType = sourcecode.swift; path = "UIImage+Extension.swift"; sourceTree = "<group>"; };
		093395ED24C0C4DD004325D0 /* Double+Extension.swift */ = {isa = PBXFileReference; lastKnownFileType = sourcecode.swift; path = "Double+Extension.swift"; sourceTree = "<group>"; };
/* End PBXFileReference section */

/* Begin PBXFrameworksBuildPhase section */
		093395C924C09FC1004325D0 /* Frameworks */ = {
			isa = PBXFrameworksBuildPhase;
			buildActionMask = 2147483647;
			files = (
			);
			runOnlyForDeploymentPostprocessing = 0;
		};
/* End PBXFrameworksBuildPhase section */

/* Begin PBXGroup section */
		093395C324C09FC1004325D0 = {
			isa = PBXGroup;
			children = (
				093395CE24C09FC1004325D0 /* UserWeather */,
				093395CD24C09FC1004325D0 /* Products */,
			);
			sourceTree = "<group>";
		};
		093395CD24C09FC1004325D0 /* Products */ = {
			isa = PBXGroup;
			children = (
				093395CC24C09FC1004325D0 /* UserWeather.app */,
			);
			name = Products;
			sourceTree = "<group>";
		};
		093395CE24C09FC1004325D0 /* UserWeather */ = {
			isa = PBXGroup;
			children = (
				093395CF24C09FC1004325D0 /* AppDelegate.swift */,
				093395D124C09FC1004325D0 /* SceneDelegate.swift */,
				093395F024C0CF8C004325D0 /* ViewControllers */,
				093395F324C0CFB2004325D0 /* Storyboards */,
				093395EF24C0CF76004325D0 /* Data Models */,
				093395F124C0CF99004325D0 /* Networking */,
				093395F224C0CFA5004325D0 /* Extensions */,
				093395D824C09FC6004325D0 /* Assets.xcassets */,
				093395DD24C09FC6004325D0 /* Info.plist */,
			);
			path = UserWeather;
			sourceTree = "<group>";
		};
		093395EF24C0CF76004325D0 /* Data Models */ = {
			isa = PBXGroup;
			children = (
				093395E324C0A328004325D0 /* Weather.swift */,
			);
			path = "Data Models";
			sourceTree = "<group>";
		};
		093395F024C0CF8C004325D0 /* ViewControllers */ = {
			isa = PBXGroup;
			children = (
				093395D324C09FC1004325D0 /* UserLocationWeatherInformationViewController.swift */,
				093395E524C0B616004325D0 /* WeatherInformationViewController.swift */,
			);
			path = ViewControllers;
			sourceTree = "<group>";
		};
		093395F124C0CF99004325D0 /* Networking */ = {
			isa = PBXGroup;
			children = (
				093395E724C0B814004325D0 /* APIManager.swift */,
			);
			path = Networking;
			sourceTree = "<group>";
		};
		093395F224C0CFA5004325D0 /* Extensions */ = {
			isa = PBXGroup;
			children = (
				093395E924C0BF81004325D0 /* Date+Extension.swift */,
				093395EB24C0C372004325D0 /* UIImage+Extension.swift */,
				093395ED24C0C4DD004325D0 /* Double+Extension.swift */,
			);
			path = Extensions;
			sourceTree = "<group>";
		};
		093395F324C0CFB2004325D0 /* Storyboards */ = {
			isa = PBXGroup;
			children = (
				093395D524C09FC1004325D0 /* Main.storyboard */,
				093395DA24C09FC6004325D0 /* LaunchScreen.storyboard */,
			);
			path = Storyboards;
			sourceTree = "<group>";
		};
/* End PBXGroup section */

/* Begin PBXNativeTarget section */
		093395CB24C09FC1004325D0 /* UserWeather */ = {
			isa = PBXNativeTarget;
			buildConfigurationList = 093395E024C09FC6004325D0 /* Build configuration list for PBXNativeTarget "UserWeather" */;
			buildPhases = (
				093395C824C09FC1004325D0 /* Sources */,
				093395C924C09FC1004325D0 /* Frameworks */,
				093395CA24C09FC1004325D0 /* Resources */,
			);
			buildRules = (
			);
			dependencies = (
			);
			name = UserWeather;
			productName = UserWeather;
			productReference = 093395CC24C09FC1004325D0 /* UserWeather.app */;
			productType = "com.apple.product-type.application";
		};
/* End PBXNativeTarget section */

/* Begin PBXProject section */
		093395C424C09FC1004325D0 /* Project object */ = {
			isa = PBXProject;
			attributes = {
				LastSwiftUpdateCheck = 1130;
				LastUpgradeCheck = 1130;
				ORGANIZATIONNAME = "Saurabh Gupta";
				TargetAttributes = {
					093395CB24C09FC1004325D0 = {
						CreatedOnToolsVersion = 11.3.1;
					};
				};
			};
			buildConfigurationList = 093395C724C09FC1004325D0 /* Build configuration list for PBXProject "UserWeather" */;
			compatibilityVersion = "Xcode 9.3";
			developmentRegion = en;
			hasScannedForEncodings = 0;
			knownRegions = (
				en,
				Base,
			);
			mainGroup = 093395C324C09FC1004325D0;
			productRefGroup = 093395CD24C09FC1004325D0 /* Products */;
			projectDirPath = "";
			projectRoot = "";
			targets = (
				093395CB24C09FC1004325D0 /* UserWeather */,
			);
		};
/* End PBXProject section */

/* Begin PBXResourcesBuildPhase section */
		093395CA24C09FC1004325D0 /* Resources */ = {
			isa = PBXResourcesBuildPhase;
			buildActionMask = 2147483647;
			files = (
				093395DC24C09FC6004325D0 /* LaunchScreen.storyboard in Resources */,
				093395D924C09FC6004325D0 /* Assets.xcassets in Resources */,
				093395D724C09FC1004325D0 /* Main.storyboard in Resources */,
			);
			runOnlyForDeploymentPostprocessing = 0;
		};
/* End PBXResourcesBuildPhase section */

/* Begin PBXSourcesBuildPhase section */
		093395C824C09FC1004325D0 /* Sources */ = {
			isa = PBXSourcesBuildPhase;
			buildActionMask = 2147483647;
			files = (
				093395E824C0B814004325D0 /* APIManager.swift in Sources */,
				093395E424C0A328004325D0 /* Weather.swift in Sources */,
				093395EE24C0C4DD004325D0 /* Double+Extension.swift in Sources */,
				093395D424C09FC1004325D0 /* UserLocationWeatherInformationViewController.swift in Sources */,
				093395EC24C0C372004325D0 /* UIImage+Extension.swift in Sources */,
				093395D024C09FC1004325D0 /* AppDelegate.swift in Sources */,
				093395EA24C0BF81004325D0 /* Date+Extension.swift in Sources */,
				093395E624C0B616004325D0 /* WeatherInformationViewController.swift in Sources */,
				093395D224C09FC1004325D0 /* SceneDelegate.swift in Sources */,
			);
			runOnlyForDeploymentPostprocessing = 0;
		};
/* End PBXSourcesBuildPhase section */

/* Begin PBXVariantGroup section */
		093395D524C09FC1004325D0 /* Main.storyboard */ = {
			isa = PBXVariantGroup;
			children = (
				093395D624C09FC1004325D0 /* Base */,
			);
			name = Main.storyboard;
			sourceTree = "<group>";
		};
		093395DA24C09FC6004325D0 /* LaunchScreen.storyboard */ = {
			isa = PBXVariantGroup;
			children = (
				093395DB24C09FC6004325D0 /* Base */,
			);
			name = LaunchScreen.storyboard;
			sourceTree = "<group>";
		};
/* End PBXVariantGroup section */

/* Begin XCBuildConfiguration section */
		093395DE24C09FC6004325D0 /* Debug */ = {
			isa = XCBuildConfiguration;
			buildSettings = {
				ALWAYS_SEARCH_USER_PATHS = NO;
				CLANG_ANALYZER_NONNULL = YES;
				CLANG_ANALYZER_NUMBER_OBJECT_CONVERSION = YES_AGGRESSIVE;
				CLANG_CXX_LANGUAGE_STANDARD = "gnu++14";
				CLANG_CXX_LIBRARY = "libc++";
				CLANG_ENABLE_MODULES = YES;
				CLANG_ENABLE_OBJC_ARC = YES;
				CLANG_ENABLE_OBJC_WEAK = YES;
				CLANG_WARN_BLOCK_CAPTURE_AUTORELEASING = YES;
				CLANG_WARN_BOOL_CONVERSION = YES;
				CLANG_WARN_COMMA = YES;
				CLANG_WARN_CONSTANT_CONVERSION = YES;
				CLANG_WARN_DEPRECATED_OBJC_IMPLEMENTATIONS = YES;
				CLANG_WARN_DIRECT_OBJC_ISA_USAGE = YES_ERROR;
				CLANG_WARN_DOCUMENTATION_COMMENTS = YES;
				CLANG_WARN_EMPTY_BODY = YES;
				CLANG_WARN_ENUM_CONVERSION = YES;
				CLANG_WARN_INFINITE_RECURSION = YES;
				CLANG_WARN_INT_CONVERSION = YES;
				CLANG_WARN_NON_LITERAL_NULL_CONVERSION = YES;
				CLANG_WARN_OBJC_IMPLICIT_RETAIN_SELF = YES;
				CLANG_WARN_OBJC_LITERAL_CONVERSION = YES;
				CLANG_WARN_OBJC_ROOT_CLASS = YES_ERROR;
				CLANG_WARN_RANGE_LOOP_ANALYSIS = YES;
				CLANG_WARN_STRICT_PROTOTYPES = YES;
				CLANG_WARN_SUSPICIOUS_MOVE = YES;
				CLANG_WARN_UNGUARDED_AVAILABILITY = YES_AGGRESSIVE;
				CLANG_WARN_UNREACHABLE_CODE = YES;
				CLANG_WARN__DUPLICATE_METHOD_MATCH = YES;
				COPY_PHASE_STRIP = NO;
				DEBUG_INFORMATION_FORMAT = dwarf;
				ENABLE_STRICT_OBJC_MSGSEND = YES;
				ENABLE_TESTABILITY = YES;
				GCC_C_LANGUAGE_STANDARD = gnu11;
				GCC_DYNAMIC_NO_PIC = NO;
				GCC_NO_COMMON_BLOCKS = YES;
				GCC_OPTIMIZATION_LEVEL = 0;
				GCC_PREPROCESSOR_DEFINITIONS = (
					"DEBUG=1",
					"$(inherited)",
				);
				GCC_WARN_64_TO_32_BIT_CONVERSION = YES;
				GCC_WARN_ABOUT_RETURN_TYPE = YES_ERROR;
				GCC_WARN_UNDECLARED_SELECTOR = YES;
				GCC_WARN_UNINITIALIZED_AUTOS = YES_AGGRESSIVE;
				GCC_WARN_UNUSED_FUNCTION = YES;
				GCC_WARN_UNUSED_VARIABLE = YES;
				IPHONEOS_DEPLOYMENT_TARGET = 13.2;
				MTL_ENABLE_DEBUG_INFO = INCLUDE_SOURCE;
				MTL_FAST_MATH = YES;
				ONLY_ACTIVE_ARCH = YES;
				SDKROOT = iphoneos;
				SWIFT_ACTIVE_COMPILATION_CONDITIONS = DEBUG;
				SWIFT_OPTIMIZATION_LEVEL = "-Onone";
			};
			name = Debug;
		};
		093395DF24C09FC6004325D0 /* Release */ = {
			isa = XCBuildConfiguration;
			buildSettings = {
				ALWAYS_SEARCH_USER_PATHS = NO;
				CLANG_ANALYZER_NONNULL = YES;
				CLANG_ANALYZER_NUMBER_OBJECT_CONVERSION = YES_AGGRESSIVE;
				CLANG_CXX_LANGUAGE_STANDARD = "gnu++14";
				CLANG_CXX_LIBRARY = "libc++";
				CLANG_ENABLE_MODULES = YES;
				CLANG_ENABLE_OBJC_ARC = YES;
				CLANG_ENABLE_OBJC_WEAK = YES;
				CLANG_WARN_BLOCK_CAPTURE_AUTORELEASING = YES;
				CLANG_WARN_BOOL_CONVERSION = YES;
				CLANG_WARN_COMMA = YES;
				CLANG_WARN_CONSTANT_CONVERSION = YES;
				CLANG_WARN_DEPRECATED_OBJC_IMPLEMENTATIONS = YES;
				CLANG_WARN_DIRECT_OBJC_ISA_USAGE = YES_ERROR;
				CLANG_WARN_DOCUMENTATION_COMMENTS = YES;
				CLANG_WARN_EMPTY_BODY = YES;
				CLANG_WARN_ENUM_CONVERSION = YES;
				CLANG_WARN_INFINITE_RECURSION = YES;
				CLANG_WARN_INT_CONVERSION = YES;
				CLANG_WARN_NON_LITERAL_NULL_CONVERSION = YES;
				CLANG_WARN_OBJC_IMPLICIT_RETAIN_SELF = YES;
				CLANG_WARN_OBJC_LITERAL_CONVERSION = YES;
				CLANG_WARN_OBJC_ROOT_CLASS = YES_ERROR;
				CLANG_WARN_RANGE_LOOP_ANALYSIS = YES;
				CLANG_WARN_STRICT_PROTOTYPES = YES;
				CLANG_WARN_SUSPICIOUS_MOVE = YES;
				CLANG_WARN_UNGUARDED_AVAILABILITY = YES_AGGRESSIVE;
				CLANG_WARN_UNREACHABLE_CODE = YES;
				CLANG_WARN__DUPLICATE_METHOD_MATCH = YES;
				COPY_PHASE_STRIP = NO;
				DEBUG_INFORMATION_FORMAT = "dwarf-with-dsym";
				ENABLE_NS_ASSERTIONS = NO;
				ENABLE_STRICT_OBJC_MSGSEND = YES;
				GCC_C_LANGUAGE_STANDARD = gnu11;
				GCC_NO_COMMON_BLOCKS = YES;
				GCC_WARN_64_TO_32_BIT_CONVERSION = YES;
				GCC_WARN_ABOUT_RETURN_TYPE = YES_ERROR;
				GCC_WARN_UNDECLARED_SELECTOR = YES;
				GCC_WARN_UNINITIALIZED_AUTOS = YES_AGGRESSIVE;
				GCC_WARN_UNUSED_FUNCTION = YES;
				GCC_WARN_UNUSED_VARIABLE = YES;
				IPHONEOS_DEPLOYMENT_TARGET = 13.2;
				MTL_ENABLE_DEBUG_INFO = NO;
				MTL_FAST_MATH = YES;
				SDKROOT = iphoneos;
				SWIFT_COMPILATION_MODE = wholemodule;
				SWIFT_OPTIMIZATION_LEVEL = "-O";
				VALIDATE_PRODUCT = YES;
			};
			name = Release;
		};
		093395E124C09FC6004325D0 /* Debug */ = {
			isa = XCBuildConfiguration;
			buildSettings = {
				ASSETCATALOG_COMPILER_APPICON_NAME = AppIcon;
				CODE_SIGN_STYLE = Automatic;
				DEVELOPMENT_TEAM = Y78N79J6Y9;
				INFOPLIST_FILE = UserWeather/Info.plist;
				LD_RUNPATH_SEARCH_PATHS = (
					"$(inherited)",
					"@executable_path/Frameworks",
				);
				PRODUCT_BUNDLE_IDENTIFIER = me.gupta.saurabh.UserWeather;
				PRODUCT_NAME = "$(TARGET_NAME)";
				SWIFT_VERSION = 5.0;
				TARGETED_DEVICE_FAMILY = "1,2";
			};
			name = Debug;
		};
		093395E224C09FC6004325D0 /* Release */ = {
			isa = XCBuildConfiguration;
			buildSettings = {
				ASSETCATALOG_COMPILER_APPICON_NAME = AppIcon;
				CODE_SIGN_STYLE = Automatic;
				DEVELOPMENT_TEAM = Y78N79J6Y9;
				INFOPLIST_FILE = UserWeather/Info.plist;
				LD_RUNPATH_SEARCH_PATHS = (
					"$(inherited)",
					"@executable_path/Frameworks",
				);
				PRODUCT_BUNDLE_IDENTIFIER = me.gupta.saurabh.UserWeather;
				PRODUCT_NAME = "$(TARGET_NAME)";
				SWIFT_VERSION = 5.0;
				TARGETED_DEVICE_FAMILY = "1,2";
			};
			name = Release;
		};
/* End XCBuildConfiguration section */

/* Begin XCConfigurationList section */
		093395C724C09FC1004325D0 /* Build configuration list for PBXProject "UserWeather" */ = {
			isa = XCConfigurationList;
			buildConfigurations = (
				093395DE24C09FC6004325D0 /* Debug */,
				093395DF24C09FC6004325D0 /* Release */,
			);
			defaultConfigurationIsVisible = 0;
			defaultConfigurationName = Release;
		};
		093395E024C09FC6004325D0 /* Build configuration list for PBXNativeTarget "UserWeather" */ = {
			isa = XCConfigurationList;
			buildConfigurations = (
				093395E124C09FC6004325D0 /* Debug */,
				093395E224C09FC6004325D0 /* Release */,
			);
			defaultConfigurationIsVisible = 0;
			defaultConfigurationName = Release;
		};
/* End XCConfigurationList section */
	};
	rootObject = 093395C424C09FC1004325D0 /* Project object */;
}
